{
    "_readme": [
        "This file locks the dependencies of your project to a known state",
        "Read more about it at https://getcomposer.org/doc/01-basic-usage.md#installing-dependencies",
        "This file is @generated automatically"
    ],
    "content-hash": "71f0e32689e000c75f7b268c243e7ee5",
    "packages": [
        {
            "name": "mongodb/mongodb",
            "version": "1.12.0",
            "require": {
                "ext-hash": "*",
                "ext-json": "*",
                "ext-mongodb": "^1.12.0",
                "php": ">=5.5"
            },
            "time": "2018-07-18T14:33:41+00:00"
    ]
}
